// !$*UTF8*$!
{
	archiveVersion = 1;
	classes = {
	};
	objectVersion = 77;
	objects = {

/* Begin PBXBuildFile section */
		C3A1AAAC2D18B90B00F7538D /* FirebaseAnalytics in Frameworks */ = {isa = PBXBuildFile; productRef = C3A1AAAB2D18B90B00F7538D /* FirebaseAnalytics */; };
		C3A1AAAE2D18B90B00F7538D /* FirebaseAnalyticsOnDeviceConversion in Frameworks */ = {isa = PBXBuildFile; productRef = C3A1AAAD2D18B90B00F7538D /* FirebaseAnalyticsOnDeviceConversion */; };
		C3A1AAB02D18B90B00F7538D /* FirebaseAnalyticsWithoutAdIdSupport in Frameworks */ = {isa = PBXBuildFile; productRef = C3A1AAAF2D18B90B00F7538D /* FirebaseAnalyticsWithoutAdIdSupport */; };
		C3A1AAB22D18B90B00F7538D /* FirebaseAppCheck in Frameworks */ = {isa = PBXBuildFile; productRef = C3A1AAB12D18B90B00F7538D /* FirebaseAppCheck */; };
		C3A1AAB42D18B90B00F7538D /* FirebaseAppDistribution-Beta in Frameworks */ = {isa = PBXBuildFile; productRef = C3A1AAB32D18B90B00F7538D /* FirebaseAppDistribution-Beta */; };
		C3A1AAB62D18B90B00F7538D /* FirebaseAuth in Frameworks */ = {isa = PBXBuildFile; productRef = C3A1AAB52D18B90B00F7538D /* FirebaseAuth */; };
		C3A1AAB82D18B90B00F7538D /* FirebaseAuthCombine-Community in Frameworks */ = {isa = PBXBuildFile; productRef = C3A1AAB72D18B90B00F7538D /* FirebaseAuthCombine-Community */; };
		C3A1AABA2D18B90B00F7538D /* FirebaseCore in Frameworks */ = {isa = PBXBuildFile; productRef = C3A1AAB92D18B90B00F7538D /* FirebaseCore */; };
		C3A1AABC2D18B90B00F7538D /* FirebaseCrashlytics in Frameworks */ = {isa = PBXBuildFile; productRef = C3A1AABB2D18B90B00F7538D /* FirebaseCrashlytics */; };
		C3A1AABE2D18B90B00F7538D /* FirebaseDatabase in Frameworks */ = {isa = PBXBuildFile; productRef = C3A1AABD2D18B90B00F7538D /* FirebaseDatabase */; };
		C3A1AAC02D18B90B00F7538D /* FirebaseDynamicLinks in Frameworks */ = {isa = PBXBuildFile; productRef = C3A1AABF2D18B90B00F7538D /* FirebaseDynamicLinks */; };
		C3A1AAC22D18B90B00F7538D /* FirebaseFirestore in Frameworks */ = {isa = PBXBuildFile; productRef = C3A1AAC12D18B90B00F7538D /* FirebaseFirestore */; };
		C3A1AAC42D18B90B00F7538D /* FirebaseFirestoreCombine-Community in Frameworks */ = {isa = PBXBuildFile; productRef = C3A1AAC32D18B90B00F7538D /* FirebaseFirestoreCombine-Community */; };
		C3A1AAC62D18B90B00F7538D /* FirebaseFunctions in Frameworks */ = {isa = PBXBuildFile; productRef = C3A1AAC52D18B90B00F7538D /* FirebaseFunctions */; };
		C3A1AAC82D18B90B00F7538D /* FirebaseFunctionsCombine-Community in Frameworks */ = {isa = PBXBuildFile; productRef = C3A1AAC72D18B90B00F7538D /* FirebaseFunctionsCombine-Community */; };
		C3A1AACA2D18B90B00F7538D /* FirebaseStorage in Frameworks */ = {isa = PBXBuildFile; productRef = C3A1AAC92D18B90B00F7538D /* FirebaseStorage */; };
		C3A1AAF52D198B4200F7538D /* Auth in Frameworks */ = {isa = PBXBuildFile; productRef = C3AE545B2D106CFB007091CC /* Auth */; };
		C3A1AAF62D198B4200F7538D /* PostgREST in Frameworks */ = {isa = PBXBuildFile; productRef = C3AE545F2D106CFB007091CC /* PostgREST */; };
		C3A1AAF72D198B4200F7538D /* Realtime in Frameworks */ = {isa = PBXBuildFile; productRef = C3AE54612D106CFB007091CC /* Realtime */; };
		C3A1AAF82D198B4200F7538D /* Storage in Frameworks */ = {isa = PBXBuildFile; productRef = C3AE54632D106CFB007091CC /* Storage */; };
		C3A1AAF92D198B4200F7538D /* Supabase in Frameworks */ = {isa = PBXBuildFile; productRef = C3AE54652D106CFB007091CC /* Supabase */; };
		C3AE545E2D106CFB007091CC /* Functions in Frameworks */ = {isa = PBXBuildFile; productRef = C3AE545D2D106CFB007091CC /* Functions */; };
/* End PBXBuildFile section */

/* Begin PBXFileReference section */
		C37D578C2D0745DF000968C6 /* Pati Bul.app */ = {isa = PBXFileReference; explicitFileType = wrapper.application; includeInIndex = 0; path = "Pati Bul.app"; sourceTree = BUILT_PRODUCTS_DIR; };
/* End PBXFileReference section */

/* Begin PBXFileSystemSynchronizedBuildFileExceptionSet section */
		C37D579E2D0745E1000968C6 /* Exceptions for "Pati Bul" folder in "Pati Bul" target */ = {
			isa = PBXFileSystemSynchronizedBuildFileExceptionSet;
			membershipExceptions = (
				Info.plist,
			);
			target = C37D578B2D0745DF000968C6 /* Pati Bul */;
		};
/* End PBXFileSystemSynchronizedBuildFileExceptionSet section */

/* Begin PBXFileSystemSynchronizedRootGroup section */
		C37D578E2D0745DF000968C6 /* Pati Bul */ = {
			isa = PBXFileSystemSynchronizedRootGroup;
			exceptions = (
				C37D579E2D0745E1000968C6 /* Exceptions for "Pati Bul" folder in "Pati Bul" target */,
			);
			path = "Pati Bul";
			sourceTree = "<group>";
		};
/* End PBXFileSystemSynchronizedRootGroup section */

/* Begin PBXFrameworksBuildPhase section */
		C37D57892D0745DF000968C6 /* Frameworks */ = {
			isa = PBXFrameworksBuildPhase;
			buildActionMask = 2147483647;
			files = (
				C3A1AAF92D198B4200F7538D /* Supabase in Frameworks */,
				C3A1AAF82D198B4200F7538D /* Storage in Frameworks */,
				C3A1AAF72D198B4200F7538D /* Realtime in Frameworks */,
				C3A1AAF62D198B4200F7538D /* PostgREST in Frameworks */,
				C3A1AAF52D198B4200F7538D /* Auth in Frameworks */,
				C3A1AAC42D18B90B00F7538D /* FirebaseFirestoreCombine-Community in Frameworks */,
				C3A1AAAC2D18B90B00F7538D /* FirebaseAnalytics in Frameworks */,
				C3AE545E2D106CFB007091CC /* Functions in Frameworks */,
				C3A1AABA2D18B90B00F7538D /* FirebaseCore in Frameworks */,
				C3A1AAC22D18B90B00F7538D /* FirebaseFirestore in Frameworks */,
				C3A1AAC62D18B90B00F7538D /* FirebaseFunctions in Frameworks */,
				C3A1AAC02D18B90B00F7538D /* FirebaseDynamicLinks in Frameworks */,
				C3A1AAB82D18B90B00F7538D /* FirebaseAuthCombine-Community in Frameworks */,
				C3A1AABE2D18B90B00F7538D /* FirebaseDatabase in Frameworks */,
				C3A1AAC82D18B90B00F7538D /* FirebaseFunctionsCombine-Community in Frameworks */,
				C3A1AAB62D18B90B00F7538D /* FirebaseAuth in Frameworks */,
				C3A1AAB02D18B90B00F7538D /* FirebaseAnalyticsWithoutAdIdSupport in Frameworks */,
				C3A1AAB22D18B90B00F7538D /* FirebaseAppCheck in Frameworks */,
				C3A1AABC2D18B90B00F7538D /* FirebaseCrashlytics in Frameworks */,
				C3A1AACA2D18B90B00F7538D /* FirebaseStorage in Frameworks */,
				C3A1AAB42D18B90B00F7538D /* FirebaseAppDistribution-Beta in Frameworks */,
				C3A1AAAE2D18B90B00F7538D /* FirebaseAnalyticsOnDeviceConversion in Frameworks */,
			);
			runOnlyForDeploymentPostprocessing = 0;
		};
/* End PBXFrameworksBuildPhase section */

/* Begin PBXGroup section */
		C37D57832D0745DF000968C6 = {
			isa = PBXGroup;
			children = (
				C37D578E2D0745DF000968C6 /* Pati Bul */,
				C37D578D2D0745DF000968C6 /* Products */,
			);
			sourceTree = "<group>";
		};
		C37D578D2D0745DF000968C6 /* Products */ = {
			isa = PBXGroup;
			children = (
				C37D578C2D0745DF000968C6 /* Pati Bul.app */,
			);
			name = Products;
			sourceTree = "<group>";
		};
/* End PBXGroup section */

/* Begin PBXNativeTarget section */
		C37D578B2D0745DF000968C6 /* Pati Bul */ = {
			isa = PBXNativeTarget;
			buildConfigurationList = C37D579F2D0745E1000968C6 /* Build configuration list for PBXNativeTarget "Pati Bul" */;
			buildPhases = (
				C37D57882D0745DF000968C6 /* Sources */,
				C37D57892D0745DF000968C6 /* Frameworks */,
				C37D578A2D0745DF000968C6 /* Resources */,
			);
			buildRules = (
			);
			dependencies = (
			);
			fileSystemSynchronizedGroups = (
				C37D578E2D0745DF000968C6 /* Pati Bul */,
			);
			name = "Pati Bul";
			packageProductDependencies = (
				C3AE545B2D106CFB007091CC /* Auth */,
				C3AE545D2D106CFB007091CC /* Functions */,
				C3AE545F2D106CFB007091CC /* PostgREST */,
				C3AE54612D106CFB007091CC /* Realtime */,
				C3AE54632D106CFB007091CC /* Storage */,
				C3AE54652D106CFB007091CC /* Supabase */,
				C3A1AAAB2D18B90B00F7538D /* FirebaseAnalytics */,
				C3A1AAAD2D18B90B00F7538D /* FirebaseAnalyticsOnDeviceConversion */,
				C3A1AAAF2D18B90B00F7538D /* FirebaseAnalyticsWithoutAdIdSupport */,
				C3A1AAB12D18B90B00F7538D /* FirebaseAppCheck */,
				C3A1AAB32D18B90B00F7538D /* FirebaseAppDistribution-Beta */,
				C3A1AAB52D18B90B00F7538D /* FirebaseAuth */,
				C3A1AAB72D18B90B00F7538D /* FirebaseAuthCombine-Community */,
				C3A1AAB92D18B90B00F7538D /* FirebaseCore */,
				C3A1AABB2D18B90B00F7538D /* FirebaseCrashlytics */,
				C3A1AABD2D18B90B00F7538D /* FirebaseDatabase */,
				C3A1AABF2D18B90B00F7538D /* FirebaseDynamicLinks */,
				C3A1AAC12D18B90B00F7538D /* FirebaseFirestore */,
				C3A1AAC32D18B90B00F7538D /* FirebaseFirestoreCombine-Community */,
				C3A1AAC52D18B90B00F7538D /* FirebaseFunctions */,
				C3A1AAC72D18B90B00F7538D /* FirebaseFunctionsCombine-Community */,
				C3A1AAC92D18B90B00F7538D /* FirebaseStorage */,
			);
			productName = "Pati Bul";
			productReference = C37D578C2D0745DF000968C6 /* Pati Bul.app */;
			productType = "com.apple.product-type.application";
		};
/* End PBXNativeTarget section */

/* Begin PBXProject section */
		C37D57842D0745DF000968C6 /* Project object */ = {
			isa = PBXProject;
			attributes = {
				BuildIndependentTargetsInParallel = 1;
				LastSwiftUpdateCheck = 1610;
				LastUpgradeCheck = 1610;
				TargetAttributes = {
					C37D578B2D0745DF000968C6 = {
						CreatedOnToolsVersion = 16.1;
					};
				};
			};
			buildConfigurationList = C37D57872D0745DF000968C6 /* Build configuration list for PBXProject "Pati Bul" */;
			developmentRegion = en;
			hasScannedForEncodings = 0;
			knownRegions = (
				en,
				Base,
			);
			mainGroup = C37D57832D0745DF000968C6;
			minimizedProjectReferenceProxies = 1;
			packageReferences = (
				C3AE545A2D106CFB007091CC /* XCRemoteSwiftPackageReference "supabase-swift" */,
				C3A1AAAA2D18B90B00F7538D /* XCRemoteSwiftPackageReference "firebase-ios-sdk" */,
			);
			preferredProjectObjectVersion = 77;
			productRefGroup = C37D578D2D0745DF000968C6 /* Products */;
			projectDirPath = "";
			projectRoot = "";
			targets = (
				C37D578B2D0745DF000968C6 /* Pati Bul */,
			);
		};
/* End PBXProject section */

/* Begin PBXResourcesBuildPhase section */
		C37D578A2D0745DF000968C6 /* Resources */ = {
			isa = PBXResourcesBuildPhase;
			buildActionMask = 2147483647;
			files = (
			);
			runOnlyForDeploymentPostprocessing = 0;
		};
/* End PBXResourcesBuildPhase section */

/* Begin PBXSourcesBuildPhase section */
		C37D57882D0745DF000968C6 /* Sources */ = {
			isa = PBXSourcesBuildPhase;
			buildActionMask = 2147483647;
			files = (
			);
			runOnlyForDeploymentPostprocessing = 0;
		};
/* End PBXSourcesBuildPhase section */

/* Begin XCBuildConfiguration section */
		C37D57A02D0745E1000968C6 /* Debug */ = {
			isa = XCBuildConfiguration;
			buildSettings = {
				ASSETCATALOG_COMPILER_APPICON_NAME = AppIcon;
				ASSETCATALOG_COMPILER_GLOBAL_ACCENT_COLOR_NAME = AccentColor;
				CODE_SIGN_STYLE = Automatic;
				CURRENT_PROJECT_VERSION = 1;
				DEVELOPMENT_TEAM = K5P363RB24;
				GENERATE_INFOPLIST_FILE = YES;
				INFOPLIST_FILE = "Pati Bul/Info.plist";
				INFOPLIST_KEY_UIApplicationSupportsIndirectInputEvents = YES;
				INFOPLIST_KEY_UILaunchStoryboardName = LaunchScreen;
				INFOPLIST_KEY_UIMainStoryboardFile = Main;
				INFOPLIST_KEY_UISupportedInterfaceOrientations_iPad = "UIInterfaceOrientationPortrait UIInterfaceOrientationPortraitUpsideDown UIInterfaceOrientationLandscapeLeft UIInterfaceOrientationLandscapeRight";
				INFOPLIST_KEY_UISupportedInterfaceOrientations_iPhone = "UIInterfaceOrientationPortrait UIInterfaceOrientationLandscapeLeft UIInterfaceOrientationLandscapeRight";
				LD_RUNPATH_SEARCH_PATHS = (
					"$(inherited)",
					"@executable_path/Frameworks",
				);
				MARKETING_VERSION = 1.0;
				PRODUCT_BUNDLE_IDENTIFIER = "gorkemkaragoz.Pati-Bul";
				PRODUCT_NAME = "$(TARGET_NAME)";
				SWIFT_EMIT_LOC_STRINGS = YES;
				SWIFT_VERSION = 5.0;
				TARGETED_DEVICE_FAMILY = "1,2";
			};
			name = Debug;
		};
		C37D57A12D0745E1000968C6 /* Release */ = {
			isa = XCBuildConfiguration;
			buildSettings = {
				ASSETCATALOG_COMPILER_APPICON_NAME = AppIcon;
				ASSETCATALOG_COMPILER_GLOBAL_ACCENT_COLOR_NAME = AccentColor;
				CODE_SIGN_STYLE = Automatic;
				CURRENT_PROJECT_VERSION = 1;
				DEVELOPMENT_TEAM = K5P363RB24;
				GENERATE_INFOPLIST_FILE = YES;
				INFOPLIST_FILE = "Pati Bul/Info.plist";
				INFOPLIST_KEY_UIApplicationSupportsIndirectInputEvents = YES;
				INFOPLIST_KEY_UILaunchStoryboardName = LaunchScreen;
				INFOPLIST_KEY_UIMainStoryboardFile = Main;
				INFOPLIST_KEY_UISupportedInterfaceOrientations_iPad = "UIInterfaceOrientationPortrait UIInterfaceOrientationPortraitUpsideDown UIInterfaceOrientationLandscapeLeft UIInterfaceOrientationLandscapeRight";
				INFOPLIST_KEY_UISupportedInterfaceOrientations_iPhone = "UIInterfaceOrientationPortrait UIInterfaceOrientationLandscapeLeft UIInterfaceOrientationLandscapeRight";
				LD_RUNPATH_SEARCH_PATHS = (
					"$(inherited)",
					"@executable_path/Frameworks",
				);
				MARKETING_VERSION = 1.0;
				PRODUCT_BUNDLE_IDENTIFIER = "gorkemkaragoz.Pati-Bul";
				PRODUCT_NAME = "$(TARGET_NAME)";
				SWIFT_EMIT_LOC_STRINGS = YES;
				SWIFT_VERSION = 5.0;
				TARGETED_DEVICE_FAMILY = "1,2";
			};
			name = Release;
		};
		C37D57A22D0745E1000968C6 /* Debug */ = {
			isa = XCBuildConfiguration;
			buildSettings = {
				ALWAYS_SEARCH_USER_PATHS = NO;
				ASSETCATALOG_COMPILER_GENERATE_SWIFT_ASSET_SYMBOL_EXTENSIONS = YES;
				CLANG_ANALYZER_NONNULL = YES;
				CLANG_ANALYZER_NUMBER_OBJECT_CONVERSION = YES_AGGRESSIVE;
				CLANG_CXX_LANGUAGE_STANDARD = "gnu++20";
				CLANG_ENABLE_MODULES = YES;
				CLANG_ENABLE_OBJC_ARC = YES;
				CLANG_ENABLE_OBJC_WEAK = YES;
				CLANG_WARN_BLOCK_CAPTURE_AUTORELEASING = YES;
				CLANG_WARN_BOOL_CONVERSION = YES;
				CLANG_WARN_COMMA = YES;
				CLANG_WARN_CONSTANT_CONVERSION = YES;
				CLANG_WARN_DEPRECATED_OBJC_IMPLEMENTATIONS = YES;
				CLANG_WARN_DIRECT_OBJC_ISA_USAGE = YES_ERROR;
				CLANG_WARN_DOCUMENTATION_COMMENTS = YES;
				CLANG_WARN_EMPTY_BODY = YES;
				CLANG_WARN_ENUM_CONVERSION = YES;
				CLANG_WARN_INFINITE_RECURSION = YES;
				CLANG_WARN_INT_CONVERSION = YES;
				CLANG_WARN_NON_LITERAL_NULL_CONVERSION = YES;
				CLANG_WARN_OBJC_IMPLICIT_RETAIN_SELF = YES;
				CLANG_WARN_OBJC_LITERAL_CONVERSION = YES;
				CLANG_WARN_OBJC_ROOT_CLASS = YES_ERROR;
				CLANG_WARN_QUOTED_INCLUDE_IN_FRAMEWORK_HEADER = YES;
				CLANG_WARN_RANGE_LOOP_ANALYSIS = YES;
				CLANG_WARN_STRICT_PROTOTYPES = YES;
				CLANG_WARN_SUSPICIOUS_MOVE = YES;
				CLANG_WARN_UNGUARDED_AVAILABILITY = YES_AGGRESSIVE;
				CLANG_WARN_UNREACHABLE_CODE = YES;
				CLANG_WARN__DUPLICATE_METHOD_MATCH = YES;
				COPY_PHASE_STRIP = NO;
				DEBUG_INFORMATION_FORMAT = dwarf;
				ENABLE_STRICT_OBJC_MSGSEND = YES;
				ENABLE_TESTABILITY = YES;
				ENABLE_USER_SCRIPT_SANDBOXING = YES;
				GCC_C_LANGUAGE_STANDARD = gnu17;
				GCC_DYNAMIC_NO_PIC = NO;
				GCC_NO_COMMON_BLOCKS = YES;
				GCC_OPTIMIZATION_LEVEL = 0;
				GCC_PREPROCESSOR_DEFINITIONS = (
					"DEBUG=1",
					"$(inherited)",
				);
				GCC_WARN_64_TO_32_BIT_CONVERSION = YES;
				GCC_WARN_ABOUT_RETURN_TYPE = YES_ERROR;
				GCC_WARN_UNDECLARED_SELECTOR = YES;
				GCC_WARN_UNINITIALIZED_AUTOS = YES_AGGRESSIVE;
				GCC_WARN_UNUSED_FUNCTION = YES;
				GCC_WARN_UNUSED_VARIABLE = YES;
				IPHONEOS_DEPLOYMENT_TARGET = 18.1;
				LOCALIZATION_PREFERS_STRING_CATALOGS = YES;
				MTL_ENABLE_DEBUG_INFO = INCLUDE_SOURCE;
				MTL_FAST_MATH = YES;
				ONLY_ACTIVE_ARCH = YES;
				SDKROOT = iphoneos;
				SWIFT_ACTIVE_COMPILATION_CONDITIONS = "DEBUG $(inherited)";
				SWIFT_OPTIMIZATION_LEVEL = "-Onone";
			};
			name = Debug;
		};
		C37D57A32D0745E1000968C6 /* Release */ = {
			isa = XCBuildConfiguration;
			buildSettings = {
				ALWAYS_SEARCH_USER_PATHS = NO;
				ASSETCATALOG_COMPILER_GENERATE_SWIFT_ASSET_SYMBOL_EXTENSIONS = YES;
				CLANG_ANALYZER_NONNULL = YES;
				CLANG_ANALYZER_NUMBER_OBJECT_CONVERSION = YES_AGGRESSIVE;
				CLANG_CXX_LANGUAGE_STANDARD = "gnu++20";
				CLANG_ENABLE_MODULES = YES;
				CLANG_ENABLE_OBJC_ARC = YES;
				CLANG_ENABLE_OBJC_WEAK = YES;
				CLANG_WARN_BLOCK_CAPTURE_AUTORELEASING = YES;
				CLANG_WARN_BOOL_CONVERSION = YES;
				CLANG_WARN_COMMA = YES;
				CLANG_WARN_CONSTANT_CONVERSION = YES;
				CLANG_WARN_DEPRECATED_OBJC_IMPLEMENTATIONS = YES;
				CLANG_WARN_DIRECT_OBJC_ISA_USAGE = YES_ERROR;
				CLANG_WARN_DOCUMENTATION_COMMENTS = YES;
				CLANG_WARN_EMPTY_BODY = YES;
				CLANG_WARN_ENUM_CONVERSION = YES;
				CLANG_WARN_INFINITE_RECURSION = YES;
				CLANG_WARN_INT_CONVERSION = YES;
				CLANG_WARN_NON_LITERAL_NULL_CONVERSION = YES;
				CLANG_WARN_OBJC_IMPLICIT_RETAIN_SELF = YES;
				CLANG_WARN_OBJC_LITERAL_CONVERSION = YES;
				CLANG_WARN_OBJC_ROOT_CLASS = YES_ERROR;
				CLANG_WARN_QUOTED_INCLUDE_IN_FRAMEWORK_HEADER = YES;
				CLANG_WARN_RANGE_LOOP_ANALYSIS = YES;
				CLANG_WARN_STRICT_PROTOTYPES = YES;
				CLANG_WARN_SUSPICIOUS_MOVE = YES;
				CLANG_WARN_UNGUARDED_AVAILABILITY = YES_AGGRESSIVE;
				CLANG_WARN_UNREACHABLE_CODE = YES;
				CLANG_WARN__DUPLICATE_METHOD_MATCH = YES;
				COPY_PHASE_STRIP = NO;
				DEBUG_INFORMATION_FORMAT = "dwarf-with-dsym";
				ENABLE_NS_ASSERTIONS = NO;
				ENABLE_STRICT_OBJC_MSGSEND = YES;
				ENABLE_USER_SCRIPT_SANDBOXING = YES;
				GCC_C_LANGUAGE_STANDARD = gnu17;
				GCC_NO_COMMON_BLOCKS = YES;
				GCC_WARN_64_TO_32_BIT_CONVERSION = YES;
				GCC_WARN_ABOUT_RETURN_TYPE = YES_ERROR;
				GCC_WARN_UNDECLARED_SELECTOR = YES;
				GCC_WARN_UNINITIALIZED_AUTOS = YES_AGGRESSIVE;
				GCC_WARN_UNUSED_FUNCTION = YES;
				GCC_WARN_UNUSED_VARIABLE = YES;
				IPHONEOS_DEPLOYMENT_TARGET = 18.1;
				LOCALIZATION_PREFERS_STRING_CATALOGS = YES;
				MTL_ENABLE_DEBUG_INFO = NO;
				MTL_FAST_MATH = YES;
				SDKROOT = iphoneos;
				SWIFT_COMPILATION_MODE = wholemodule;
				VALIDATE_PRODUCT = YES;
			};
			name = Release;
		};
/* End XCBuildConfiguration section */

/* Begin XCConfigurationList section */
		C37D57872D0745DF000968C6 /* Build configuration list for PBXProject "Pati Bul" */ = {
			isa = XCConfigurationList;
			buildConfigurations = (
				C37D57A22D0745E1000968C6 /* Debug */,
				C37D57A32D0745E1000968C6 /* Release */,
			);
			defaultConfigurationIsVisible = 0;
			defaultConfigurationName = Release;
		};
		C37D579F2D0745E1000968C6 /* Build configuration list for PBXNativeTarget "Pati Bul" */ = {
			isa = XCConfigurationList;
			buildConfigurations = (
				C37D57A02D0745E1000968C6 /* Debug */,
				C37D57A12D0745E1000968C6 /* Release */,
			);
			defaultConfigurationIsVisible = 0;
			defaultConfigurationName = Release;
		};
/* End XCConfigurationList section */

/* Begin XCRemoteSwiftPackageReference section */
		C3A1AAAA2D18B90B00F7538D /* XCRemoteSwiftPackageReference "firebase-ios-sdk" */ = {
			isa = XCRemoteSwiftPackageReference;
			repositoryURL = "https://github.com/firebase/firebase-ios-sdk";
			requirement = {
				kind = upToNextMajorVersion;
				minimumVersion = 11.6.0;
			};
		};
		C3AE545A2D106CFB007091CC /* XCRemoteSwiftPackageReference "supabase-swift" */ = {
			isa = XCRemoteSwiftPackageReference;
			repositoryURL = "https://github.com/supabase-community/supabase-swift";
			requirement = {
				kind = upToNextMajorVersion;
				minimumVersion = 2.5.1;
			};
		};
/* End XCRemoteSwiftPackageReference section */

/* Begin XCSwiftPackageProductDependency section */
		C3A1AAAB2D18B90B00F7538D /* FirebaseAnalytics */ = {
			isa = XCSwiftPackageProductDependency;
			package = C3A1AAAA2D18B90B00F7538D /* XCRemoteSwiftPackageReference "firebase-ios-sdk" */;
			productName = FirebaseAnalytics;
		};
		C3A1AAAD2D18B90B00F7538D /* FirebaseAnalyticsOnDeviceConversion */ = {
			isa = XCSwiftPackageProductDependency;
			package = C3A1AAAA2D18B90B00F7538D /* XCRemoteSwiftPackageReference "firebase-ios-sdk" */;
			productName = FirebaseAnalyticsOnDeviceConversion;
		};
		C3A1AAAF2D18B90B00F7538D /* FirebaseAnalyticsWithoutAdIdSupport */ = {
			isa = XCSwiftPackageProductDependency;
			package = C3A1AAAA2D18B90B00F7538D /* XCRemoteSwiftPackageReference "firebase-ios-sdk" */;
			productName = FirebaseAnalyticsWithoutAdIdSupport;
		};
		C3A1AAB12D18B90B00F7538D /* FirebaseAppCheck */ = {
			isa = XCSwiftPackageProductDependency;
			package = C3A1AAAA2D18B90B00F7538D /* XCRemoteSwiftPackageReference "firebase-ios-sdk" */;
			productName = FirebaseAppCheck;
		};
		C3A1AAB32D18B90B00F7538D /* FirebaseAppDistribution-Beta */ = {
			isa = XCSwiftPackageProductDependency;
			package = C3A1AAAA2D18B90B00F7538D /* XCRemoteSwiftPackageReference "firebase-ios-sdk" */;
			productName = "FirebaseAppDistribution-Beta";
		};
		C3A1AAB52D18B90B00F7538D /* FirebaseAuth */ = {
			isa = XCSwiftPackageProductDependency;
			package = C3A1AAAA2D18B90B00F7538D /* XCRemoteSwiftPackageReference "firebase-ios-sdk" */;
			productName = FirebaseAuth;
		};
		C3A1AAB72D18B90B00F7538D /* FirebaseAuthCombine-Community */ = {
			isa = XCSwiftPackageProductDependency;
			package = C3A1AAAA2D18B90B00F7538D /* XCRemoteSwiftPackageReference "firebase-ios-sdk" */;
			productName = "FirebaseAuthCombine-Community";
		};
		C3A1AAB92D18B90B00F7538D /* FirebaseCore */ = {
			isa = XCSwiftPackageProductDependency;
			package = C3A1AAAA2D18B90B00F7538D /* XCRemoteSwiftPackageReference "firebase-ios-sdk" */;
			productName = FirebaseCore;
		};
		C3A1AABB2D18B90B00F7538D /* FirebaseCrashlytics */ = {
			isa = XCSwiftPackageProductDependency;
			package = C3A1AAAA2D18B90B00F7538D /* XCRemoteSwiftPackageReference "firebase-ios-sdk" */;
			productName = FirebaseCrashlytics;
		};
		C3A1AABD2D18B90B00F7538D /* FirebaseDatabase */ = {
			isa = XCSwiftPackageProductDependency;
			package = C3A1AAAA2D18B90B00F7538D /* XCRemoteSwiftPackageReference "firebase-ios-sdk" */;
			productName = FirebaseDatabase;
		};
		C3A1AABF2D18B90B00F7538D /* FirebaseDynamicLinks */ = {
			isa = XCSwiftPackageProductDependency;
			package = C3A1AAAA2D18B90B00F7538D /* XCRemoteSwiftPackageReference "firebase-ios-sdk" */;
			productName = FirebaseDynamicLinks;
		};
		C3A1AAC12D18B90B00F7538D /* FirebaseFirestore */ = {
			isa = XCSwiftPackageProductDependency;
			package = C3A1AAAA2D18B90B00F7538D /* XCRemoteSwiftPackageReference "firebase-ios-sdk" */;
			productName = FirebaseFirestore;
		};
		C3A1AAC32D18B90B00F7538D /* FirebaseFirestoreCombine-Community */ = {
			isa = XCSwiftPackageProductDependency;
			package = C3A1AAAA2D18B90B00F7538D /* XCRemoteSwiftPackageReference "firebase-ios-sdk" */;
			productName = "FirebaseFirestoreCombine-Community";
		};
		C3A1AAC52D18B90B00F7538D /* FirebaseFunctions */ = {
			isa = XCSwiftPackageProductDependency;
			package = C3A1AAAA2D18B90B00F7538D /* XCRemoteSwiftPackageReference "firebase-ios-sdk" */;
			productName = FirebaseFunctions;
		};
		C3A1AAC72D18B90B00F7538D /* FirebaseFunctionsCombine-Community */ = {
			isa = XCSwiftPackageProductDependency;
			package = C3A1AAAA2D18B90B00F7538D /* XCRemoteSwiftPackageReference "firebase-ios-sdk" */;
			productName = "FirebaseFunctionsCombine-Community";
		};
		C3A1AAC92D18B90B00F7538D /* FirebaseStorage */ = {
			isa = XCSwiftPackageProductDependency;
			package = C3A1AAAA2D18B90B00F7538D /* XCRemoteSwiftPackageReference "firebase-ios-sdk" */;
			productName = FirebaseStorage;
		};
		C3AE545B2D106CFB007091CC /* Auth */ = {
			isa = XCSwiftPackageProductDependency;
			package = C3AE545A2D106CFB007091CC /* XCRemoteSwiftPackageReference "supabase-swift" */;
			productName = Auth;
		};
		C3AE545D2D106CFB007091CC /* Functions */ = {
			isa = XCSwiftPackageProductDependency;
			package = C3AE545A2D106CFB007091CC /* XCRemoteSwiftPackageReference "supabase-swift" */;
			productName = Functions;
		};
		C3AE545F2D106CFB007091CC /* PostgREST */ = {
			isa = XCSwiftPackageProductDependency;
			package = C3AE545A2D106CFB007091CC /* XCRemoteSwiftPackageReference "supabase-swift" */;
			productName = PostgREST;
		};
		C3AE54612D106CFB007091CC /* Realtime */ = {
			isa = XCSwiftPackageProductDependency;
			package = C3AE545A2D106CFB007091CC /* XCRemoteSwiftPackageReference "supabase-swift" */;
			productName = Realtime;
		};
		C3AE54632D106CFB007091CC /* Storage */ = {
			isa = XCSwiftPackageProductDependency;
			package = C3AE545A2D106CFB007091CC /* XCRemoteSwiftPackageReference "supabase-swift" */;
			productName = Storage;
		};
		C3AE54652D106CFB007091CC /* Supabase */ = {
			isa = XCSwiftPackageProductDependency;
			package = C3AE545A2D106CFB007091CC /* XCRemoteSwiftPackageReference "supabase-swift" */;
			productName = Supabase;
		};
/* End XCSwiftPackageProductDependency section */
	};
	rootObject = C37D57842D0745DF000968C6 /* Project object */;
}
